
Microsoft Visual Studio Solution File, Format Version 12.00
# Visual Studio 15
VisualStudioVersion = 15.0.26228.9
MinimumVisualStudioVersion = 10.0.40219.1
Project("{FAE04EC0-301F-11D3-BF4B-00C04F79EFBC}") = "MonkeyHubApp", "MonkeyHubApp\MonkeyHubApp\MonkeyHubApp.csproj", "{AD3402C7-941D-4360-B73B-C193529FCEC1}"
EndProject
Project("{FAE04EC0-301F-11D3-BF4B-00C04F79EFBC}") = "MonkeyHubApp.Android", "MonkeyHubApp\MonkeyHubApp.Android\MonkeyHubApp.Android.csproj", "{35AE6D22-A82F-4F40-887E-89CF5A614ADD}"
EndProject
Project("{9344BDBB-3E7F-41FC-A0DD-8665D75EE146}") = "MonkeyHubApp.UWP", "MonkeyHubApp\MonkeyHubApp.UWP\MonkeyHubApp.UWP.csproj", "{0CD2E97B-71F4-42EB-B8FB-DFF24C626AE6}"
EndProject
Project("{FAE04EC0-301F-11D3-BF4B-00C04F79EFBC}") = "MonkeyHubApp.iOS", "MonkeyHubApp\MonkeyHubApp.iOS\MonkeyHubApp.iOS.csproj", "{54240064-4F87-4D6E-B25F-4F5C56D0B33E}"
EndProject
Global
	GlobalSection(SolutionConfigurationPlatforms) = preSolution
		Ad-Hoc|Any CPU = Ad-Hoc|Any CPU
		Ad-Hoc|ARM = Ad-Hoc|ARM
		Ad-Hoc|iPhone = Ad-Hoc|iPhone
		Ad-Hoc|iPhoneSimulator = Ad-Hoc|iPhoneSimulator
		Ad-Hoc|x64 = Ad-Hoc|x64
		Ad-Hoc|x86 = Ad-Hoc|x86
		AppStore|Any CPU = AppStore|Any CPU
		AppStore|ARM = AppStore|ARM
		AppStore|iPhone = AppStore|iPhone
		AppStore|iPhoneSimulator = AppStore|iPhoneSimulator
		AppStore|x64 = AppStore|x64
		AppStore|x86 = AppStore|x86
		Debug|Any CPU = Debug|Any CPU
		Debug|ARM = Debug|ARM
		Debug|iPhone = Debug|iPhone
		Debug|iPhoneSimulator = Debug|iPhoneSimulator
		Debug|x64 = Debug|x64
		Debug|x86 = Debug|x86
		Release|Any CPU = Release|Any CPU
		Release|ARM = Release|ARM
		Release|iPhone = Release|iPhone
		Release|iPhoneSimulator = Release|iPhoneSimulator
		Release|x64 = Release|x64
		Release|x86 = Release|x86
	EndGlobalSection
	GlobalSection(ProjectConfigurationPlatforms) = postSolution
		{AD3402C7-941D-4360-B73B-C193529FCEC1}.Ad-Hoc|Any CPU.ActiveCfg = Release|Any CPU
		{AD3402C7-941D-4360-B73B-C193529FCEC1}.Ad-Hoc|Any CPU.Build.0 = Release|Any CPU
		{AD3402C7-941D-4360-B73B-C193529FCEC1}.Ad-Hoc|ARM.ActiveCfg = Release|Any CPU
		{AD3402C7-941D-4360-B73B-C193529FCEC1}.Ad-Hoc|ARM.Build.0 = Release|Any CPU
		{AD3402C7-941D-4360-B73B-C193529FCEC1}.Ad-Hoc|iPhone.ActiveCfg = Release|Any CPU
		{AD3402C7-941D-4360-B73B-C193529FCEC1}.Ad-Hoc|iPhone.Build.0 = Release|Any CPU
		{AD3402C7-941D-4360-B73B-C193529FCEC1}.Ad-Hoc|iPhoneSimulator.ActiveCfg = Release|Any CPU
		{AD3402C7-941D-4360-B73B-C193529FCEC1}.Ad-Hoc|iPhoneSimulator.Build.0 = Release|Any CPU
		{AD3402C7-941D-4360-B73B-C193529FCEC1}.Ad-Hoc|x64.ActiveCfg = Release|Any CPU
		{AD3402C7-941D-4360-B73B-C193529FCEC1}.Ad-Hoc|x64.Build.0 = Release|Any CPU
		{AD3402C7-941D-4360-B73B-C193529FCEC1}.Ad-Hoc|x86.ActiveCfg = Release|Any CPU
		{AD3402C7-941D-4360-B73B-C193529FCEC1}.Ad-Hoc|x86.Build.0 = Release|Any CPU
		{AD3402C7-941D-4360-B73B-C193529FCEC1}.AppStore|Any CPU.ActiveCfg = Release|Any CPU
		{AD3402C7-941D-4360-B73B-C193529FCEC1}.AppStore|Any CPU.Build.0 = Release|Any CPU
		{AD3402C7-941D-4360-B73B-C193529FCEC1}.AppStore|ARM.ActiveCfg = Release|Any CPU
		{AD3402C7-941D-4360-B73B-C193529FCEC1}.AppStore|ARM.Build.0 = Release|Any CPU
		{AD3402C7-941D-4360-B73B-C193529FCEC1}.AppStore|iPhone.ActiveCfg = Release|Any CPU
		{AD3402C7-941D-4360-B73B-C193529FCEC1}.AppStore|iPhone.Build.0 = Release|Any CPU
		{AD3402C7-941D-4360-B73B-C193529FCEC1}.AppStore|iPhoneSimulator.ActiveCfg = Release|Any CPU
		{AD3402C7-941D-4360-B73B-C193529FCEC1}.AppStore|iPhoneSimulator.Build.0 = Release|Any CPU
		{AD3402C7-941D-4360-B73B-C193529FCEC1}.AppStore|x64.ActiveCfg = Release|Any CPU
		{AD3402C7-941D-4360-B73B-C193529FCEC1}.AppStore|x64.Build.0 = Release|Any CPU
		{AD3402C7-941D-4360-B73B-C193529FCEC1}.AppStore|x86.ActiveCfg = Release|Any CPU
		{AD3402C7-941D-4360-B73B-C193529FCEC1}.AppStore|x86.Build.0 = Release|Any CPU
		{AD3402C7-941D-4360-B73B-C193529FCEC1}.Debug|Any CPU.ActiveCfg = Debug|Any CPU
		{AD3402C7-941D-4360-B73B-C193529FCEC1}.Debug|Any CPU.Build.0 = Debug|Any CPU
		{AD3402C7-941D-4360-B73B-C193529FCEC1}.Debug|ARM.ActiveCfg = Debug|Any CPU
		{AD3402C7-941D-4360-B73B-C193529FCEC1}.Debug|ARM.Build.0 = Debug|Any CPU
		{AD3402C7-941D-4360-B73B-C193529FCEC1}.Debug|iPhone.ActiveCfg = Debug|Any CPU
		{AD3402C7-941D-4360-B73B-C193529FCEC1}.Debug|iPhone.Build.0 = Debug|Any CPU
		{AD3402C7-941D-4360-B73B-C193529FCEC1}.Debug|iPhoneSimulator.ActiveCfg = Debug|Any CPU
		{AD3402C7-941D-4360-B73B-C193529FCEC1}.Debug|iPhoneSimulator.Build.0 = Debug|Any CPU
		{AD3402C7-941D-4360-B73B-C193529FCEC1}.Debug|x64.ActiveCfg = Debug|Any CPU
		{AD3402C7-941D-4360-B73B-C193529FCEC1}.Debug|x64.Build.0 = Debug|Any CPU
		{AD3402C7-941D-4360-B73B-C193529FCEC1}.Debug|x86.ActiveCfg = Debug|Any CPU
		{AD3402C7-941D-4360-B73B-C193529FCEC1}.Debug|x86.Build.0 = Debug|Any CPU
		{AD3402C7-941D-4360-B73B-C193529FCEC1}.Release|Any CPU.ActiveCfg = Release|Any CPU
		{AD3402C7-941D-4360-B73B-C193529FCEC1}.Release|Any CPU.Build.0 = Release|Any CPU
		{AD3402C7-941D-4360-B73B-C193529FCEC1}.Release|ARM.ActiveCfg = Release|Any CPU
		{AD3402C7-941D-4360-B73B-C193529FCEC1}.Release|ARM.Build.0 = Release|Any CPU
		{AD3402C7-941D-4360-B73B-C193529FCEC1}.Release|iPhone.ActiveCfg = Release|Any CPU
		{AD3402C7-941D-4360-B73B-C193529FCEC1}.Release|iPhone.Build.0 = Release|Any CPU
		{AD3402C7-941D-4360-B73B-C193529FCEC1}.Release|iPhoneSimulator.ActiveCfg = Release|Any CPU
		{AD3402C7-941D-4360-B73B-C193529FCEC1}.Release|iPhoneSimulator.Build.0 = Release|Any CPU
		{AD3402C7-941D-4360-B73B-C193529FCEC1}.Release|x64.ActiveCfg = Release|Any CPU
		{AD3402C7-941D-4360-B73B-C193529FCEC1}.Release|x64.Build.0 = Release|Any CPU
		{AD3402C7-941D-4360-B73B-C193529FCEC1}.Release|x86.ActiveCfg = Release|Any CPU
		{AD3402C7-941D-4360-B73B-C193529FCEC1}.Release|x86.Build.0 = Release|Any CPU
		{35AE6D22-A82F-4F40-887E-89CF5A614ADD}.Ad-Hoc|Any CPU.ActiveCfg = Release|Any CPU
		{35AE6D22-A82F-4F40-887E-89CF5A614ADD}.Ad-Hoc|Any CPU.Build.0 = Release|Any CPU
		{35AE6D22-A82F-4F40-887E-89CF5A614ADD}.Ad-Hoc|Any CPU.Deploy.0 = Release|Any CPU
		{35AE6D22-A82F-4F40-887E-89CF5A614ADD}.Ad-Hoc|ARM.ActiveCfg = Release|Any CPU
		{35AE6D22-A82F-4F40-887E-89CF5A614ADD}.Ad-Hoc|ARM.Build.0 = Release|Any CPU
		{35AE6D22-A82F-4F40-887E-89CF5A614ADD}.Ad-Hoc|ARM.Deploy.0 = Release|Any CPU
		{35AE6D22-A82F-4F40-887E-89CF5A614ADD}.Ad-Hoc|iPhone.ActiveCfg = Release|Any CPU
		{35AE6D22-A82F-4F40-887E-89CF5A614ADD}.Ad-Hoc|iPhone.Build.0 = Release|Any CPU
		{35AE6D22-A82F-4F40-887E-89CF5A614ADD}.Ad-Hoc|iPhone.Deploy.0 = Release|Any CPU
		{35AE6D22-A82F-4F40-887E-89CF5A614ADD}.Ad-Hoc|iPhoneSimulator.ActiveCfg = Release|Any CPU
		{35AE6D22-A82F-4F40-887E-89CF5A614ADD}.Ad-Hoc|iPhoneSimulator.Build.0 = Release|Any CPU
		{35AE6D22-A82F-4F40-887E-89CF5A614ADD}.Ad-Hoc|iPhoneSimulator.Deploy.0 = Release|Any CPU
		{35AE6D22-A82F-4F40-887E-89CF5A614ADD}.Ad-Hoc|x64.ActiveCfg = Release|Any CPU
		{35AE6D22-A82F-4F40-887E-89CF5A614ADD}.Ad-Hoc|x64.Build.0 = Release|Any CPU
		{35AE6D22-A82F-4F40-887E-89CF5A614ADD}.Ad-Hoc|x64.Deploy.0 = Release|Any CPU
		{35AE6D22-A82F-4F40-887E-89CF5A614ADD}.Ad-Hoc|x86.ActiveCfg = Release|Any CPU
		{35AE6D22-A82F-4F40-887E-89CF5A614ADD}.Ad-Hoc|x86.Build.0 = Release|Any CPU
		{35AE6D22-A82F-4F40-887E-89CF5A614ADD}.Ad-Hoc|x86.Deploy.0 = Release|Any CPU
		{35AE6D22-A82F-4F40-887E-89CF5A614ADD}.AppStore|Any CPU.ActiveCfg = Release|Any CPU
		{35AE6D22-A82F-4F40-887E-89CF5A614ADD}.AppStore|Any CPU.Build.0 = Release|Any CPU
		{35AE6D22-A82F-4F40-887E-89CF5A614ADD}.AppStore|Any CPU.Deploy.0 = Release|Any CPU
		{35AE6D22-A82F-4F40-887E-89CF5A614ADD}.AppStore|ARM.ActiveCfg = Release|Any CPU
		{35AE6D22-A82F-4F40-887E-89CF5A614ADD}.AppStore|ARM.Build.0 = Release|Any CPU
		{35AE6D22-A82F-4F40-887E-89CF5A614ADD}.AppStore|ARM.Deploy.0 = Release|Any CPU
		{35AE6D22-A82F-4F40-887E-89CF5A614ADD}.AppStore|iPhone.ActiveCfg = Release|Any CPU
		{35AE6D22-A82F-4F40-887E-89CF5A614ADD}.AppStore|iPhone.Build.0 = Release|Any CPU
		{35AE6D22-A82F-4F40-887E-89CF5A614ADD}.AppStore|iPhone.Deploy.0 = Release|Any CPU
		{35AE6D22-A82F-4F40-887E-89CF5A614ADD}.AppStore|iPhoneSimulator.ActiveCfg = Release|Any CPU
		{35AE6D22-A82F-4F40-887E-89CF5A614ADD}.AppStore|iPhoneSimulator.Build.0 = Release|Any CPU
		{35AE6D22-A82F-4F40-887E-89CF5A614ADD}.AppStore|iPhoneSimulator.Deploy.0 = Release|Any CPU
		{35AE6D22-A82F-4F40-887E-89CF5A614ADD}.AppStore|x64.ActiveCfg = Release|Any CPU
		{35AE6D22-A82F-4F40-887E-89CF5A614ADD}.AppStore|x64.Build.0 = Release|Any CPU
		{35AE6D22-A82F-4F40-887E-89CF5A614ADD}.AppStore|x64.Deploy.0 = Release|Any CPU
		{35AE6D22-A82F-4F40-887E-89CF5A614ADD}.AppStore|x86.ActiveCfg = Release|Any CPU
		{35AE6D22-A82F-4F40-887E-89CF5A614ADD}.AppStore|x86.Build.0 = Release|Any CPU
		{35AE6D22-A82F-4F40-887E-89CF5A614ADD}.AppStore|x86.Deploy.0 = Release|Any CPU
		{35AE6D22-A82F-4F40-887E-89CF5A614ADD}.Debug|Any CPU.ActiveCfg = Debug|Any CPU
		{35AE6D22-A82F-4F40-887E-89CF5A614ADD}.Debug|Any CPU.Build.0 = Debug|Any CPU
		{35AE6D22-A82F-4F40-887E-89CF5A614ADD}.Debug|Any CPU.Deploy.0 = Debug|Any CPU
		{35AE6D22-A82F-4F40-887E-89CF5A614ADD}.Debug|ARM.ActiveCfg = Debug|Any CPU
		{35AE6D22-A82F-4F40-887E-89CF5A614ADD}.Debug|ARM.Build.0 = Debug|Any CPU
		{35AE6D22-A82F-4F40-887E-89CF5A614ADD}.Debug|ARM.Deploy.0 = Debug|Any CPU
		{35AE6D22-A82F-4F40-887E-89CF5A614ADD}.Debug|iPhone.ActiveCfg = Debug|Any CPU
		{35AE6D22-A82F-4F40-887E-89CF5A614ADD}.Debug|iPhone.Build.0 = Debug|Any CPU
		{35AE6D22-A82F-4F40-887E-89CF5A614ADD}.Debug|iPhone.Deploy.0 = Debug|Any CPU
		{35AE6D22-A82F-4F40-887E-89CF5A614ADD}.Debug|iPhoneSimulator.ActiveCfg = Debug|Any CPU
		{35AE6D22-A82F-4F40-887E-89CF5A614ADD}.Debug|iPhoneSimulator.Build.0 = Debug|Any CPU
		{35AE6D22-A82F-4F40-887E-89CF5A614ADD}.Debug|iPhoneSimulator.Deploy.0 = Debug|Any CPU
		{35AE6D22-A82F-4F40-887E-89CF5A614ADD}.Debug|x64.ActiveCfg = Debug|Any CPU
		{35AE6D22-A82F-4F40-887E-89CF5A614ADD}.Debug|x64.Build.0 = Debug|Any CPU
		{35AE6D22-A82F-4F40-887E-89CF5A614ADD}.Debug|x64.Deploy.0 = Debug|Any CPU
		{35AE6D22-A82F-4F40-887E-89CF5A614ADD}.Debug|x86.ActiveCfg = Debug|Any CPU
		{35AE6D22-A82F-4F40-887E-89CF5A614ADD}.Debug|x86.Build.0 = Debug|Any CPU
		{35AE6D22-A82F-4F40-887E-89CF5A614ADD}.Debug|x86.Deploy.0 = Debug|Any CPU
		{35AE6D22-A82F-4F40-887E-89CF5A614ADD}.Release|Any CPU.ActiveCfg = Release|Any CPU
		{35AE6D22-A82F-4F40-887E-89CF5A614ADD}.Release|Any CPU.Build.0 = Release|Any CPU
		{35AE6D22-A82F-4F40-887E-89CF5A614ADD}.Release|Any CPU.Deploy.0 = Release|Any CPU
		{35AE6D22-A82F-4F40-887E-89CF5A614ADD}.Release|ARM.ActiveCfg = Release|Any CPU
		{35AE6D22-A82F-4F40-887E-89CF5A614ADD}.Release|ARM.Build.0 = Release|Any CPU
		{35AE6D22-A82F-4F40-887E-89CF5A614ADD}.Release|ARM.Deploy.0 = Release|Any CPU
		{35AE6D22-A82F-4F40-887E-89CF5A614ADD}.Release|iPhone.ActiveCfg = Release|Any CPU
		{35AE6D22-A82F-4F40-887E-89CF5A614ADD}.Release|iPhone.Build.0 = Release|Any CPU
		{35AE6D22-A82F-4F40-887E-89CF5A614ADD}.Release|iPhone.Deploy.0 = Release|Any CPU
		{35AE6D22-A82F-4F40-887E-89CF5A614ADD}.Release|iPhoneSimulator.ActiveCfg = Release|Any CPU
		{35AE6D22-A82F-4F40-887E-89CF5A614ADD}.Release|iPhoneSimulator.Build.0 = Release|Any CPU
		{35AE6D22-A82F-4F40-887E-89CF5A614ADD}.Release|iPhoneSimulator.Deploy.0 = Release|Any CPU
		{35AE6D22-A82F-4F40-887E-89CF5A614ADD}.Release|x64.ActiveCfg = Release|Any CPU
		{35AE6D22-A82F-4F40-887E-89CF5A614ADD}.Release|x64.Build.0 = Release|Any CPU
		{35AE6D22-A82F-4F40-887E-89CF5A614ADD}.Release|x64.Deploy.0 = Release|Any CPU
		{35AE6D22-A82F-4F40-887E-89CF5A614ADD}.Release|x86.ActiveCfg = Release|Any CPU
		{35AE6D22-A82F-4F40-887E-89CF5A614ADD}.Release|x86.Build.0 = Release|Any CPU
		{35AE6D22-A82F-4F40-887E-89CF5A614ADD}.Release|x86.Deploy.0 = Release|Any CPU
		{0CD2E97B-71F4-42EB-B8FB-DFF24C626AE6}.Ad-Hoc|Any CPU.ActiveCfg = Release|x86
		{0CD2E97B-71F4-42EB-B8FB-DFF24C626AE6}.Ad-Hoc|Any CPU.Build.0 = Release|x86
		{0CD2E97B-71F4-42EB-B8FB-DFF24C626AE6}.Ad-Hoc|Any CPU.Deploy.0 = Release|x86
		{0CD2E97B-71F4-42EB-B8FB-DFF24C626AE6}.Ad-Hoc|ARM.ActiveCfg = Release|ARM
		{0CD2E97B-71F4-42EB-B8FB-DFF24C626AE6}.Ad-Hoc|ARM.Build.0 = Release|ARM
		{0CD2E97B-71F4-42EB-B8FB-DFF24C626AE6}.Ad-Hoc|ARM.Deploy.0 = Release|ARM
		{0CD2E97B-71F4-42EB-B8FB-DFF24C626AE6}.Ad-Hoc|iPhone.ActiveCfg = Release|x86
		{0CD2E97B-71F4-42EB-B8FB-DFF24C626AE6}.Ad-Hoc|iPhone.Build.0 = Release|x86
		{0CD2E97B-71F4-42EB-B8FB-DFF24C626AE6}.Ad-Hoc|iPhone.Deploy.0 = Release|x86
		{0CD2E97B-71F4-42EB-B8FB-DFF24C626AE6}.Ad-Hoc|iPhoneSimulator.ActiveCfg = Release|x86
		{0CD2E97B-71F4-42EB-B8FB-DFF24C626AE6}.Ad-Hoc|iPhoneSimulator.Build.0 = Release|x86
		{0CD2E97B-71F4-42EB-B8FB-DFF24C626AE6}.Ad-Hoc|iPhoneSimulator.Deploy.0 = Release|x86
		{0CD2E97B-71F4-42EB-B8FB-DFF24C626AE6}.Ad-Hoc|x64.ActiveCfg = Release|x64
		{0CD2E97B-71F4-42EB-B8FB-DFF24C626AE6}.Ad-Hoc|x64.Build.0 = Release|x64
		{0CD2E97B-71F4-42EB-B8FB-DFF24C626AE6}.Ad-Hoc|x64.Deploy.0 = Release|x64
		{0CD2E97B-71F4-42EB-B8FB-DFF24C626AE6}.Ad-Hoc|x86.ActiveCfg = Release|x86
		{0CD2E97B-71F4-42EB-B8FB-DFF24C626AE6}.Ad-Hoc|x86.Build.0 = Release|x86
		{0CD2E97B-71F4-42EB-B8FB-DFF24C626AE6}.Ad-Hoc|x86.Deploy.0 = Release|x86
		{0CD2E97B-71F4-42EB-B8FB-DFF24C626AE6}.AppStore|Any CPU.ActiveCfg = Release|x86
		{0CD2E97B-71F4-42EB-B8FB-DFF24C626AE6}.AppStore|Any CPU.Build.0 = Release|x86
		{0CD2E97B-71F4-42EB-B8FB-DFF24C626AE6}.AppStore|Any CPU.Deploy.0 = Release|x86
		{0CD2E97B-71F4-42EB-B8FB-DFF24C626AE6}.AppStore|ARM.ActiveCfg = Release|ARM
		{0CD2E97B-71F4-42EB-B8FB-DFF24C626AE6}.AppStore|ARM.Build.0 = Release|ARM
		{0CD2E97B-71F4-42EB-B8FB-DFF24C626AE6}.AppStore|ARM.Deploy.0 = Release|ARM
		{0CD2E97B-71F4-42EB-B8FB-DFF24C626AE6}.AppStore|iPhone.ActiveCfg = Release|x86
		{0CD2E97B-71F4-42EB-B8FB-DFF24C626AE6}.AppStore|iPhone.Build.0 = Release|x86
		{0CD2E97B-71F4-42EB-B8FB-DFF24C626AE6}.AppStore|iPhone.Deploy.0 = Release|x86
		{0CD2E97B-71F4-42EB-B8FB-DFF24C626AE6}.AppStore|iPhoneSimulator.ActiveCfg = Release|x86
		{0CD2E97B-71F4-42EB-B8FB-DFF24C626AE6}.AppStore|iPhoneSimulator.Build.0 = Release|x86
		{0CD2E97B-71F4-42EB-B8FB-DFF24C626AE6}.AppStore|iPhoneSimulator.Deploy.0 = Release|x86
		{0CD2E97B-71F4-42EB-B8FB-DFF24C626AE6}.AppStore|x64.ActiveCfg = Release|x64
		{0CD2E97B-71F4-42EB-B8FB-DFF24C626AE6}.AppStore|x64.Build.0 = Release|x64
		{0CD2E97B-71F4-42EB-B8FB-DFF24C626AE6}.AppStore|x64.Deploy.0 = Release|x64
		{0CD2E97B-71F4-42EB-B8FB-DFF24C626AE6}.AppStore|x86.ActiveCfg = Release|x86
		{0CD2E97B-71F4-42EB-B8FB-DFF24C626AE6}.AppStore|x86.Build.0 = Release|x86
		{0CD2E97B-71F4-42EB-B8FB-DFF24C626AE6}.AppStore|x86.Deploy.0 = Release|x86
		{0CD2E97B-71F4-42EB-B8FB-DFF24C626AE6}.Debug|Any CPU.ActiveCfg = Debug|x86
		{0CD2E97B-71F4-42EB-B8FB-DFF24C626AE6}.Debug|ARM.ActiveCfg = Debug|ARM
		{0CD2E97B-71F4-42EB-B8FB-DFF24C626AE6}.Debug|ARM.Build.0 = Debug|ARM
		{0CD2E97B-71F4-42EB-B8FB-DFF24C626AE6}.Debug|ARM.Deploy.0 = Debug|ARM
		{0CD2E97B-71F4-42EB-B8FB-DFF24C626AE6}.Debug|iPhone.ActiveCfg = Debug|x86
		{0CD2E97B-71F4-42EB-B8FB-DFF24C626AE6}.Debug|iPhoneSimulator.ActiveCfg = Debug|x86
		{0CD2E97B-71F4-42EB-B8FB-DFF24C626AE6}.Debug|x64.ActiveCfg = Debug|x64
		{0CD2E97B-71F4-42EB-B8FB-DFF24C626AE6}.Debug|x64.Build.0 = Debug|x64
		{0CD2E97B-71F4-42EB-B8FB-DFF24C626AE6}.Debug|x64.Deploy.0 = Debug|x64
		{0CD2E97B-71F4-42EB-B8FB-DFF24C626AE6}.Debug|x86.ActiveCfg = Debug|x86
		{0CD2E97B-71F4-42EB-B8FB-DFF24C626AE6}.Debug|x86.Build.0 = Debug|x86
		{0CD2E97B-71F4-42EB-B8FB-DFF24C626AE6}.Debug|x86.Deploy.0 = Debug|x86
		{0CD2E97B-71F4-42EB-B8FB-DFF24C626AE6}.Release|Any CPU.ActiveCfg = Release|x86
		{0CD2E97B-71F4-42EB-B8FB-DFF24C626AE6}.Release|ARM.ActiveCfg = Release|ARM
		{0CD2E97B-71F4-42EB-B8FB-DFF24C626AE6}.Release|ARM.Build.0 = Release|ARM
		{0CD2E97B-71F4-42EB-B8FB-DFF24C626AE6}.Release|ARM.Deploy.0 = Release|ARM
		{0CD2E97B-71F4-42EB-B8FB-DFF24C626AE6}.Release|iPhone.ActiveCfg = Release|x86
		{0CD2E97B-71F4-42EB-B8FB-DFF24C626AE6}.Release|iPhoneSimulator.ActiveCfg = Release|x86
		{0CD2E97B-71F4-42EB-B8FB-DFF24C626AE6}.Release|x64.ActiveCfg = Release|x64
		{0CD2E97B-71F4-42EB-B8FB-DFF24C626AE6}.Release|x64.Build.0 = Release|x64
		{0CD2E97B-71F4-42EB-B8FB-DFF24C626AE6}.Release|x64.Deploy.0 = Release|x64
		{0CD2E97B-71F4-42EB-B8FB-DFF24C626AE6}.Release|x86.ActiveCfg = Release|x86
		{0CD2E97B-71F4-42EB-B8FB-DFF24C626AE6}.Release|x86.Build.0 = Release|x86
		{0CD2E97B-71F4-42EB-B8FB-DFF24C626AE6}.Release|x86.Deploy.0 = Release|x86
		{54240064-4F87-4D6E-B25F-4F5C56D0B33E}.Ad-Hoc|Any CPU.ActiveCfg = Ad-Hoc|iPhone
		{54240064-4F87-4D6E-B25F-4F5C56D0B33E}.Ad-Hoc|ARM.ActiveCfg = Ad-Hoc|iPhone
		{54240064-4F87-4D6E-B25F-4F5C56D0B33E}.Ad-Hoc|iPhone.ActiveCfg = Ad-Hoc|iPhone
		{54240064-4F87-4D6E-B25F-4F5C56D0B33E}.Ad-Hoc|iPhone.Build.0 = Ad-Hoc|iPhone
		{54240064-4F87-4D6E-B25F-4F5C56D0B33E}.Ad-Hoc|iPhoneSimulator.ActiveCfg = Ad-Hoc|iPhoneSimulator
		{54240064-4F87-4D6E-B25F-4F5C56D0B33E}.Ad-Hoc|iPhoneSimulator.Build.0 = Ad-Hoc|iPhoneSimulator
		{54240064-4F87-4D6E-B25F-4F5C56D0B33E}.Ad-Hoc|x64.ActiveCfg = Ad-Hoc|iPhone
		{54240064-4F87-4D6E-B25F-4F5C56D0B33E}.Ad-Hoc|x86.ActiveCfg = Ad-Hoc|iPhone
		{54240064-4F87-4D6E-B25F-4F5C56D0B33E}.AppStore|Any CPU.ActiveCfg = AppStore|iPhone
		{54240064-4F87-4D6E-B25F-4F5C56D0B33E}.AppStore|ARM.ActiveCfg = AppStore|iPhone
		{54240064-4F87-4D6E-B25F-4F5C56D0B33E}.AppStore|iPhone.ActiveCfg = AppStore|iPhone
		{54240064-4F87-4D6E-B25F-4F5C56D0B33E}.AppStore|iPhone.Build.0 = AppStore|iPhone
		{54240064-4F87-4D6E-B25F-4F5C56D0B33E}.AppStore|iPhoneSimulator.ActiveCfg = AppStore|iPhoneSimulator
		{54240064-4F87-4D6E-B25F-4F5C56D0B33E}.AppStore|iPhoneSimulator.Build.0 = AppStore|iPhoneSimulator
		{54240064-4F87-4D6E-B25F-4F5C56D0B33E}.AppStore|x64.ActiveCfg = AppStore|iPhone
		{54240064-4F87-4D6E-B25F-4F5C56D0B33E}.AppStore|x86.ActiveCfg = AppStore|iPhone
		{54240064-4F87-4D6E-B25F-4F5C56D0B33E}.Debug|Any CPU.ActiveCfg = Debug|iPhone
		{54240064-4F87-4D6E-B25F-4F5C56D0B33E}.Debug|ARM.ActiveCfg = Debug|iPhone
		{54240064-4F87-4D6E-B25F-4F5C56D0B33E}.Debug|iPhone.ActiveCfg = Debug|iPhone
		{54240064-4F87-4D6E-B25F-4F5C56D0B33E}.Debug|iPhone.Build.0 = Debug|iPhone
		{54240064-4F87-4D6E-B25F-4F5C56D0B33E}.Debug|iPhoneSimulator.ActiveCfg = Debug|iPhoneSimulator
		{54240064-4F87-4D6E-B25F-4F5C56D0B33E}.Debug|iPhoneSimulator.Build.0 = Debug|iPhoneSimulator
		{54240064-4F87-4D6E-B25F-4F5C56D0B33E}.Debug|x64.ActiveCfg = Debug|iPhone
		{54240064-4F87-4D6E-B25F-4F5C56D0B33E}.Debug|x86.ActiveCfg = Debug|iPhone
		{54240064-4F87-4D6E-B25F-4F5C56D0B33E}.Release|Any CPU.ActiveCfg = Release|iPhone
		{54240064-4F87-4D6E-B25F-4F5C56D0B33E}.Release|ARM.ActiveCfg = Release|iPhone
		{54240064-4F87-4D6E-B25F-4F5C56D0B33E}.Release|iPhone.ActiveCfg = Release|iPhone
		{54240064-4F87-4D6E-B25F-4F5C56D0B33E}.Release|iPhone.Build.0 = Release|iPhone
		{54240064-4F87-4D6E-B25F-4F5C56D0B33E}.Release|iPhoneSimulator.ActiveCfg = Release|iPhoneSimulator
		{54240064-4F87-4D6E-B25F-4F5C56D0B33E}.Release|iPhoneSimulator.Build.0 = Release|iPhoneSimulator
		{54240064-4F87-4D6E-B25F-4F5C56D0B33E}.Release|x64.ActiveCfg = Release|iPhone
		{54240064-4F87-4D6E-B25F-4F5C56D0B33E}.Release|x86.ActiveCfg = Release|iPhone
	EndGlobalSection
	GlobalSection(SolutionProperties) = preSolution
		HideSolutionNode = FALSE
	EndGlobalSection
EndGlobal
